
Microsoft Visual Studio Solution File, Format Version 12.00
# Visual Studio Version 16
VisualStudioVersion = 16.0.29911.84
MinimumVisualStudioVersion = 10.0.40219.1
Project("{FAE04EC0-301F-11D3-BF4B-00C04F79EFBC}") = "GTA V Speech Names Extractor", "GTA V Speech Names Extractor\GTA V Speech Names Extractor.csproj", "{99834106-240F-4719-BBF3-FA1EFE23A314}"
EndProject
Global
	GlobalSection(SolutionConfigurationPlatforms) = preSolution
		Debug|x64 = Debug|x64
		Release|x64 = Release|x64
	EndGlobalSection
	GlobalSection(ProjectConfigurationPlatforms) = postSolution
		{99834106-240F-4719-BBF3-FA1EFE23A314}.Debug|x64.ActiveCfg = Debug|x64
		{99834106-240F-4719-BBF3-FA1EFE23A314}.Debug|x64.Build.0 = Debug|x64
		{99834106-240F-4719-BBF3-FA1EFE23A314}.Release|x64.ActiveCfg = Release|x64
		{99834106-240F-4719-BBF3-FA1EFE23A314}.Release|x64.Build.0 = Release|x64
	EndGlobalSection
	GlobalSection(SolutionProperties) = preSolution
		HideSolutionNode = FALSE
	EndGlobalSection
	GlobalSection(ExtensibilityGlobals) = postSolution
		SolutionGuid = {B2507AF8-A863-4D0A-9813-0759FC61FD8B}
	EndGlobalSection
EndGlobal
